// !$*UTF8*$!
{
	archiveVersion = 1;
	classes = {
	};
	objectVersion = 55;
	objects = {

/* Begin PBXBuildFile section */
		B53B71CC2797EFB0005E763B /* AppDelegate.swift in Sources */ = {isa = PBXBuildFile; fileRef = B53B71CB2797EFB0005E763B /* AppDelegate.swift */; };
		B53B71CE2797EFB0005E763B /* SceneDelegate.swift in Sources */ = {isa = PBXBuildFile; fileRef = B53B71CD2797EFB0005E763B /* SceneDelegate.swift */; };
		B53B71D02797EFB0005E763B /* MainController.swift in Sources */ = {isa = PBXBuildFile; fileRef = B53B71CF2797EFB0005E763B /* MainController.swift */; };
		B53B71D32797EFB0005E763B /* Main.storyboard in Resources */ = {isa = PBXBuildFile; fileRef = B53B71D12797EFB0005E763B /* Main.storyboard */; };
		B53B71D52797EFB1005E763B /* Assets.xcassets in Resources */ = {isa = PBXBuildFile; fileRef = B53B71D42797EFB1005E763B /* Assets.xcassets */; };
		B53B71D82797EFB1005E763B /* LaunchScreen.storyboard in Resources */ = {isa = PBXBuildFile; fileRef = B53B71D62797EFB1005E763B /* LaunchScreen.storyboard */; };
		B53B71E32797EFB2005E763B /* APP_SwooshTests.swift in Sources */ = {isa = PBXBuildFile; fileRef = B53B71E22797EFB2005E763B /* APP_SwooshTests.swift */; };
		B53B71ED2797EFB2005E763B /* APP_SwooshUITests.swift in Sources */ = {isa = PBXBuildFile; fileRef = B53B71EC2797EFB2005E763B /* APP_SwooshUITests.swift */; };
		B53B71EF2797EFB2005E763B /* APP_SwooshUITestsLaunchTests.swift in Sources */ = {isa = PBXBuildFile; fileRef = B53B71EE2797EFB2005E763B /* APP_SwooshUITestsLaunchTests.swift */; };
		B5AFFC6F279ABEC300D79063 /* BorderButton.swift in Sources */ = {isa = PBXBuildFile; fileRef = B5AFFC6E279ABEC300D79063 /* BorderButton.swift */; };
		B5AFFC73279AC74400D79063 /* LeagueController.swift in Sources */ = {isa = PBXBuildFile; fileRef = B5AFFC72279AC74400D79063 /* LeagueController.swift */; };
		B5AFFC75279AC76700D79063 /* LevelController.swift in Sources */ = {isa = PBXBuildFile; fileRef = B5AFFC74279AC76700D79063 /* LevelController.swift */; };
		B5EB67BE279BF5F000B6F121 /* Player.swift in Sources */ = {isa = PBXBuildFile; fileRef = B5EB67BD279BF5F000B6F121 /* Player.swift */; };
/* End PBXBuildFile section */

/* Begin PBXContainerItemProxy section */
		B53B71DF2797EFB2005E763B /* PBXContainerItemProxy */ = {
			isa = PBXContainerItemProxy;
			containerPortal = B53B71C02797EFB0005E763B /* Project object */;
			proxyType = 1;
			remoteGlobalIDString = B53B71C72797EFB0005E763B;
			remoteInfo = "APP Swoosh";
		};
		B53B71E92797EFB2005E763B /* PBXContainerItemProxy */ = {
			isa = PBXContainerItemProxy;
			containerPortal = B53B71C02797EFB0005E763B /* Project object */;
			proxyType = 1;
			remoteGlobalIDString = B53B71C72797EFB0005E763B;
			remoteInfo = "APP Swoosh";
		};
/* End PBXContainerItemProxy section */

/* Begin PBXFileReference section */
		B53B71C82797EFB0005E763B /* APP Swoosh.app */ = {isa = PBXFileReference; explicitFileType = wrapper.application; includeInIndex = 0; path = "APP Swoosh.app"; sourceTree = BUILT_PRODUCTS_DIR; };
		B53B71CB2797EFB0005E763B /* AppDelegate.swift */ = {isa = PBXFileReference; lastKnownFileType = sourcecode.swift; path = AppDelegate.swift; sourceTree = "<group>"; };
		B53B71CD2797EFB0005E763B /* SceneDelegate.swift */ = {isa = PBXFileReference; lastKnownFileType = sourcecode.swift; path = SceneDelegate.swift; sourceTree = "<group>"; };
		B53B71CF2797EFB0005E763B /* MainController.swift */ = {isa = PBXFileReference; lastKnownFileType = sourcecode.swift; path = MainController.swift; sourceTree = "<group>"; };
		B53B71D22797EFB0005E763B /* Base */ = {isa = PBXFileReference; lastKnownFileType = file.storyboard; name = Base; path = Base.lproj/Main.storyboard; sourceTree = "<group>"; };
		B53B71D42797EFB1005E763B /* Assets.xcassets */ = {isa = PBXFileReference; lastKnownFileType = folder.assetcatalog; path = Assets.xcassets; sourceTree = "<group>"; };
		B53B71D72797EFB1005E763B /* Base */ = {isa = PBXFileReference; lastKnownFileType = file.storyboard; name = Base; path = Base.lproj/LaunchScreen.storyboard; sourceTree = "<group>"; };
		B53B71D92797EFB1005E763B /* Info.plist */ = {isa = PBXFileReference; lastKnownFileType = text.plist.xml; path = Info.plist; sourceTree = "<group>"; };
		B53B71DE2797EFB2005E763B /* APP SwooshTests.xctest */ = {isa = PBXFileReference; explicitFileType = wrapper.cfbundle; includeInIndex = 0; path = "APP SwooshTests.xctest"; sourceTree = BUILT_PRODUCTS_DIR; };
		B53B71E22797EFB2005E763B /* APP_SwooshTests.swift */ = {isa = PBXFileReference; lastKnownFileType = sourcecode.swift; path = APP_SwooshTests.swift; sourceTree = "<group>"; };
		B53B71E82797EFB2005E763B /* APP SwooshUITests.xctest */ = {isa = PBXFileReference; explicitFileType = wrapper.cfbundle; includeInIndex = 0; path = "APP SwooshUITests.xctest"; sourceTree = BUILT_PRODUCTS_DIR; };
		B53B71EC2797EFB2005E763B /* APP_SwooshUITests.swift */ = {isa = PBXFileReference; lastKnownFileType = sourcecode.swift; path = APP_SwooshUITests.swift; sourceTree = "<group>"; };
		B53B71EE2797EFB2005E763B /* APP_SwooshUITestsLaunchTests.swift */ = {isa = PBXFileReference; lastKnownFileType = sourcecode.swift; path = APP_SwooshUITestsLaunchTests.swift; sourceTree = "<group>"; };
		B5AFFC6E279ABEC300D79063 /* BorderButton.swift */ = {isa = PBXFileReference; lastKnownFileType = sourcecode.swift; path = BorderButton.swift; sourceTree = "<group>"; };
		B5AFFC72279AC74400D79063 /* LeagueController.swift */ = {isa = PBXFileReference; lastKnownFileType = sourcecode.swift; path = LeagueController.swift; sourceTree = "<group>"; };
		B5AFFC74279AC76700D79063 /* LevelController.swift */ = {isa = PBXFileReference; lastKnownFileType = sourcecode.swift; path = LevelController.swift; sourceTree = "<group>"; };
		B5EB67BD279BF5F000B6F121 /* Player.swift */ = {isa = PBXFileReference; lastKnownFileType = sourcecode.swift; path = Player.swift; sourceTree = "<group>"; };
/* End PBXFileReference section */

/* Begin PBXFrameworksBuildPhase section */
		B53B71C52797EFB0005E763B /* Frameworks */ = {
			isa = PBXFrameworksBuildPhase;
			buildActionMask = 2147483647;
			files = (
			);
			runOnlyForDeploymentPostprocessing = 0;
		};
		B53B71DB2797EFB2005E763B /* Frameworks */ = {
			isa = PBXFrameworksBuildPhase;
			buildActionMask = 2147483647;
			files = (
			);
			runOnlyForDeploymentPostprocessing = 0;
		};
		B53B71E52797EFB2005E763B /* Frameworks */ = {
			isa = PBXFrameworksBuildPhase;
			buildActionMask = 2147483647;
			files = (
			);
			runOnlyForDeploymentPostprocessing = 0;
		};
/* End PBXFrameworksBuildPhase section */

/* Begin PBXGroup section */
		B53B71BF2797EFB0005E763B = {
			isa = PBXGroup;
			children = (
				B53B71CA2797EFB0005E763B /* APP Swoosh */,
				B53B71E12797EFB2005E763B /* APP SwooshTests */,
				B53B71EB2797EFB2005E763B /* APP SwooshUITests */,
				B53B71C92797EFB0005E763B /* Products */,
			);
			sourceTree = "<group>";
		};
		B53B71C92797EFB0005E763B /* Products */ = {
			isa = PBXGroup;
			children = (
				B53B71C82797EFB0005E763B /* APP Swoosh.app */,
				B53B71DE2797EFB2005E763B /* APP SwooshTests.xctest */,
				B53B71E82797EFB2005E763B /* APP SwooshUITests.xctest */,
			);
			name = Products;
			sourceTree = "<group>";
		};
		B53B71CA2797EFB0005E763B /* APP Swoosh */ = {
			isa = PBXGroup;
			children = (
				B5AFFC6D279AB89500D79063 /* model */,
				B5AFFC6C279AB88D00D79063 /* view */,
				B5AFFC70279AC66F00D79063 /* Controller */,
				B53B71CD2797EFB0005E763B /* SceneDelegate.swift */,
				B53B71CB2797EFB0005E763B /* AppDelegate.swift */,
				B53B71D12797EFB0005E763B /* Main.storyboard */,
				B53B71D42797EFB1005E763B /* Assets.xcassets */,
				B53B71D62797EFB1005E763B /* LaunchScreen.storyboard */,
				B53B71D92797EFB1005E763B /* Info.plist */,
			);
			path = "APP Swoosh";
			sourceTree = "<group>";
		};
		B53B71E12797EFB2005E763B /* APP SwooshTests */ = {
			isa = PBXGroup;
			children = (
				B53B71E22797EFB2005E763B /* APP_SwooshTests.swift */,
			);
			path = "APP SwooshTests";
			sourceTree = "<group>";
		};
		B53B71EB2797EFB2005E763B /* APP SwooshUITests */ = {
			isa = PBXGroup;
			children = (
				B53B71EC2797EFB2005E763B /* APP_SwooshUITests.swift */,
				B53B71EE2797EFB2005E763B /* APP_SwooshUITestsLaunchTests.swift */,
			);
			path = "APP SwooshUITests";
			sourceTree = "<group>";
		};
		B5AFFC6C279AB88D00D79063 /* view */ = {
			isa = PBXGroup;
			children = (
				B5AFFC6E279ABEC300D79063 /* BorderButton.swift */,
			);
			path = view;
			sourceTree = "<group>";
		};
		B5AFFC6D279AB89500D79063 /* model */ = {
			isa = PBXGroup;
			children = (
				B5EB67BD279BF5F000B6F121 /* Player.swift */,
			);
			path = model;
			sourceTree = "<group>";
		};
		B5AFFC70279AC66F00D79063 /* Controller */ = {
			isa = PBXGroup;
			children = (
				B53B71CF2797EFB0005E763B /* MainController.swift */,
				B5AFFC72279AC74400D79063 /* LeagueController.swift */,
				B5AFFC74279AC76700D79063 /* LevelController.swift */,
			);
			path = Controller;
			sourceTree = "<group>";
		};
/* End PBXGroup section */

/* Begin PBXNativeTarget section */
		B53B71C72797EFB0005E763B /* APP Swoosh */ = {
			isa = PBXNativeTarget;
			buildConfigurationList = B53B71F22797EFB2005E763B /* Build configuration list for PBXNativeTarget "APP Swoosh" */;
			buildPhases = (
				B53B71C42797EFB0005E763B /* Sources */,
				B53B71C52797EFB0005E763B /* Frameworks */,
				B53B71C62797EFB0005E763B /* Resources */,
			);
			buildRules = (
			);
			dependencies = (
			);
			name = "APP Swoosh";
			productName = "APP Swoosh";
			productReference = B53B71C82797EFB0005E763B /* APP Swoosh.app */;
			productType = "com.apple.product-type.application";
		};
		B53B71DD2797EFB2005E763B /* APP SwooshTests */ = {
			isa = PBXNativeTarget;
			buildConfigurationList = B53B71F52797EFB2005E763B /* Build configuration list for PBXNativeTarget "APP SwooshTests" */;
			buildPhases = (
				B53B71DA2797EFB2005E763B /* Sources */,
				B53B71DB2797EFB2005E763B /* Frameworks */,
				B53B71DC2797EFB2005E763B /* Resources */,
			);
			buildRules = (
			);
			dependencies = (
				B53B71E02797EFB2005E763B /* PBXTargetDependency */,
			);
			name = "APP SwooshTests";
			productName = "APP SwooshTests";
			productReference = B53B71DE2797EFB2005E763B /* APP SwooshTests.xctest */;
			productType = "com.apple.product-type.bundle.unit-test";
		};
		B53B71E72797EFB2005E763B /* APP SwooshUITests */ = {
			isa = PBXNativeTarget;
			buildConfigurationList = B53B71F82797EFB2005E763B /* Build configuration list for PBXNativeTarget "APP SwooshUITests" */;
			buildPhases = (
				B53B71E42797EFB2005E763B /* Sources */,
				B53B71E52797EFB2005E763B /* Frameworks */,
				B53B71E62797EFB2005E763B /* Resources */,
			);
			buildRules = (
			);
			dependencies = (
				B53B71EA2797EFB2005E763B /* PBXTargetDependency */,
			);
			name = "APP SwooshUITests";
			productName = "APP SwooshUITests";
			productReference = B53B71E82797EFB2005E763B /* APP SwooshUITests.xctest */;
			productType = "com.apple.product-type.bundle.ui-testing";
		};
/* End PBXNativeTarget section */

/* Begin PBXProject section */
		B53B71C02797EFB0005E763B /* Project object */ = {
			isa = PBXProject;
			attributes = {
				BuildIndependentTargetsInParallel = 1;
				LastSwiftUpdateCheck = 1320;
				LastUpgradeCheck = 1320;
				TargetAttributes = {
					B53B71C72797EFB0005E763B = {
						CreatedOnToolsVersion = 13.2.1;
					};
					B53B71DD2797EFB2005E763B = {
						CreatedOnToolsVersion = 13.2.1;
						TestTargetID = B53B71C72797EFB0005E763B;
					};
					B53B71E72797EFB2005E763B = {
						CreatedOnToolsVersion = 13.2.1;
						TestTargetID = B53B71C72797EFB0005E763B;
					};
				};
			};
			buildConfigurationList = B53B71C32797EFB0005E763B /* Build configuration list for PBXProject "APP Swoosh" */;
			compatibilityVersion = "Xcode 13.0";
			developmentRegion = en;
			hasScannedForEncodings = 0;
			knownRegions = (
				en,
				Base,
			);
			mainGroup = B53B71BF2797EFB0005E763B;
			productRefGroup = B53B71C92797EFB0005E763B /* Products */;
			projectDirPath = "";
			projectRoot = "";
			targets = (
				B53B71C72797EFB0005E763B /* APP Swoosh */,
				B53B71DD2797EFB2005E763B /* APP SwooshTests */,
				B53B71E72797EFB2005E763B /* APP SwooshUITests */,
			);
		};
/* End PBXProject section */

/* Begin PBXResourcesBuildPhase section */
		B53B71C62797EFB0005E763B /* Resources */ = {
			isa = PBXResourcesBuildPhase;
			buildActionMask = 2147483647;
			files = (
				B53B71D82797EFB1005E763B /* LaunchScreen.storyboard in Resources */,
				B53B71D52797EFB1005E763B /* Assets.xcassets in Resources */,
				B53B71D32797EFB0005E763B /* Main.storyboard in Resources */,
			);
			runOnlyForDeploymentPostprocessing = 0;
		};
		B53B71DC2797EFB2005E763B /* Resources */ = {
			isa = PBXResourcesBuildPhase;
			buildActionMask = 2147483647;
			files = (
			);
			runOnlyForDeploymentPostprocessing = 0;
		};
		B53B71E62797EFB2005E763B /* Resources */ = {
			isa = PBXResourcesBuildPhase;
			buildActionMask = 2147483647;
			files = (
			);
			runOnlyForDeploymentPostprocessing = 0;
		};
/* End PBXResourcesBuildPhase section */

/* Begin PBXSourcesBuildPhase section */
		B53B71C42797EFB0005E763B /* Sources */ = {
			isa = PBXSourcesBuildPhase;
			buildActionMask = 2147483647;
			files = (
				B53B71D02797EFB0005E763B /* MainController.swift in Sources */,
				B53B71CC2797EFB0005E763B /* AppDelegate.swift in Sources */,
				B53B71CE2797EFB0005E763B /* SceneDelegate.swift in Sources */,
				B5AFFC6F279ABEC300D79063 /* BorderButton.swift in Sources */,
				B5EB67BE279BF5F000B6F121 /* Player.swift in Sources */,
				B5AFFC75279AC76700D79063 /* LevelController.swift in Sources */,
				B5AFFC73279AC74400D79063 /* LeagueController.swift in Sources */,
			);
			runOnlyForDeploymentPostprocessing = 0;
		};
		B53B71DA2797EFB2005E763B /* Sources */ = {
			isa = PBXSourcesBuildPhase;
			buildActionMask = 2147483647;
			files = (
				B53B71E32797EFB2005E763B /* APP_SwooshTests.swift in Sources */,
			);
			runOnlyForDeploymentPostprocessing = 0;
		};
		B53B71E42797EFB2005E763B /* Sources */ = {
			isa = PBXSourcesBuildPhase;
			buildActionMask = 2147483647;
			files = (
				B53B71ED2797EFB2005E763B /* APP_SwooshUITests.swift in Sources */,
				B53B71EF2797EFB2005E763B /* APP_SwooshUITestsLaunchTests.swift in Sources */,
			);
			runOnlyForDeploymentPostprocessing = 0;
		};
/* End PBXSourcesBuildPhase section */

/* Begin PBXTargetDependency section */
		B53B71E02797EFB2005E763B /* PBXTargetDependency */ = {
			isa = PBXTargetDependency;
			target = B53B71C72797EFB0005E763B /* APP Swoosh */;
			targetProxy = B53B71DF2797EFB2005E763B /* PBXContainerItemProxy */;
		};
		B53B71EA2797EFB2005E763B /* PBXTargetDependency */ = {
			isa = PBXTargetDependency;
			target = B53B71C72797EFB0005E763B /* APP Swoosh */;
			targetProxy = B53B71E92797EFB2005E763B /* PBXContainerItemProxy */;
		};
/* End PBXTargetDependency section */

/* Begin PBXVariantGroup section */
		B53B71D12797EFB0005E763B /* Main.storyboard */ = {
			isa = PBXVariantGroup;
			children = (
				B53B71D22797EFB0005E763B /* Base */,
			);
			name = Main.storyboard;
			sourceTree = "<group>";
		};
		B53B71D62797EFB1005E763B /* LaunchScreen.storyboard */ = {
			isa = PBXVariantGroup;
			children = (
				B53B71D72797EFB1005E763B /* Base */,
			);
			name = LaunchScreen.storyboard;
			sourceTree = "<group>";
		};
/* End PBXVariantGroup section */

/* Begin XCBuildConfiguration section */
		B53B71F02797EFB2005E763B /* Debug */ = {
			isa = XCBuildConfiguration;
			buildSettings = {
				ALWAYS_SEARCH_USER_PATHS = NO;
				CLANG_ANALYZER_NONNULL = YES;
				CLANG_ANALYZER_NUMBER_OBJECT_CONVERSION = YES_AGGRESSIVE;
				CLANG_CXX_LANGUAGE_STANDARD = "gnu++17";
				CLANG_CXX_LIBRARY = "libc++";
				CLANG_ENABLE_MODULES = YES;
				CLANG_ENABLE_OBJC_ARC = YES;
				CLANG_ENABLE_OBJC_WEAK = YES;
				CLANG_WARN_BLOCK_CAPTURE_AUTORELEASING = YES;
				CLANG_WARN_BOOL_CONVERSION = YES;
				CLANG_WARN_COMMA = YES;
				CLANG_WARN_CONSTANT_CONVERSION = YES;
				CLANG_WARN_DEPRECATED_OBJC_IMPLEMENTATIONS = YES;
				CLANG_WARN_DIRECT_OBJC_ISA_USAGE = YES_ERROR;
				CLANG_WARN_DOCUMENTATION_COMMENTS = YES;
				CLANG_WARN_EMPTY_BODY = YES;
				CLANG_WARN_ENUM_CONVERSION = YES;
				CLANG_WARN_INFINITE_RECURSION = YES;
				CLANG_WARN_INT_CONVERSION = YES;
				CLANG_WARN_NON_LITERAL_NULL_CONVERSION = YES;
				CLANG_WARN_OBJC_IMPLICIT_RETAIN_SELF = YES;
				CLANG_WARN_OBJC_LITERAL_CONVERSION = YES;
				CLANG_WARN_OBJC_ROOT_CLASS = YES_ERROR;
				CLANG_WARN_QUOTED_INCLUDE_IN_FRAMEWORK_HEADER = YES;
				CLANG_WARN_RANGE_LOOP_ANALYSIS = YES;
				CLANG_WARN_STRICT_PROTOTYPES = YES;
				CLANG_WARN_SUSPICIOUS_MOVE = YES;
				CLANG_WARN_UNGUARDED_AVAILABILITY = YES_AGGRESSIVE;
				CLANG_WARN_UNREACHABLE_CODE = YES;
				CLANG_WARN__DUPLICATE_METHOD_MATCH = YES;
				COPY_PHASE_STRIP = NO;
				DEBUG_INFORMATION_FORMAT = dwarf;
				ENABLE_STRICT_OBJC_MSGSEND = YES;
				ENABLE_TESTABILITY = YES;
				GCC_C_LANGUAGE_STANDARD = gnu11;
				GCC_DYNAMIC_NO_PIC = NO;
				GCC_NO_COMMON_BLOCKS = YES;
				GCC_OPTIMIZATION_LEVEL = 0;
				GCC_PREPROCESSOR_DEFINITIONS = (
					"DEBUG=1",
					"$(inherited)",
				);
				GCC_WARN_64_TO_32_BIT_CONVERSION = YES;
				GCC_WARN_ABOUT_RETURN_TYPE = YES_ERROR;
				GCC_WARN_UNDECLARED_SELECTOR = YES;
				GCC_WARN_UNINITIALIZED_AUTOS = YES_AGGRESSIVE;
				GCC_WARN_UNUSED_FUNCTION = YES;
				GCC_WARN_UNUSED_VARIABLE = YES;
				IPHONEOS_DEPLOYMENT_TARGET = 15.2;
				MTL_ENABLE_DEBUG_INFO = INCLUDE_SOURCE;
				MTL_FAST_MATH = YES;
				ONLY_ACTIVE_ARCH = YES;
				SDKROOT = iphoneos;
				SWIFT_ACTIVE_COMPILATION_CONDITIONS = DEBUG;
				SWIFT_OPTIMIZATION_LEVEL = "-Onone";
			};
			name = Debug;
		};
		B53B71F12797EFB2005E763B /* Release */ = {
			isa = XCBuildConfiguration;
			buildSettings = {
				ALWAYS_SEARCH_USER_PATHS = NO;
				CLANG_ANALYZER_NONNULL = YES;
				CLANG_ANALYZER_NUMBER_OBJECT_CONVERSION = YES_AGGRESSIVE;
				CLANG_CXX_LANGUAGE_STANDARD = "gnu++17";
				CLANG_CXX_LIBRARY = "libc++";
				CLANG_ENABLE_MODULES = YES;
				CLANG_ENABLE_OBJC_ARC = YES;
				CLANG_ENABLE_OBJC_WEAK = YES;
				CLANG_WARN_BLOCK_CAPTURE_AUTORELEASING = YES;
				CLANG_WARN_BOOL_CONVERSION = YES;
				CLANG_WARN_COMMA = YES;
				CLANG_WARN_CONSTANT_CONVERSION = YES;
				CLANG_WARN_DEPRECATED_OBJC_IMPLEMENTATIONS = YES;
				CLANG_WARN_DIRECT_OBJC_ISA_USAGE = YES_ERROR;
				CLANG_WARN_DOCUMENTATION_COMMENTS = YES;
				CLANG_WARN_EMPTY_BODY = YES;
				CLANG_WARN_ENUM_CONVERSION = YES;
				CLANG_WARN_INFINITE_RECURSION = YES;
				CLANG_WARN_INT_CONVERSION = YES;
				CLANG_WARN_NON_LITERAL_NULL_CONVERSION = YES;
				CLANG_WARN_OBJC_IMPLICIT_RETAIN_SELF = YES;
				CLANG_WARN_OBJC_LITERAL_CONVERSION = YES;
				CLANG_WARN_OBJC_ROOT_CLASS = YES_ERROR;
				CLANG_WARN_QUOTED_INCLUDE_IN_FRAMEWORK_HEADER = YES;
				CLANG_WARN_RANGE_LOOP_ANALYSIS = YES;
				CLANG_WARN_STRICT_PROTOTYPES = YES;
				CLANG_WARN_SUSPICIOUS_MOVE = YES;
				CLANG_WARN_UNGUARDED_AVAILABILITY = YES_AGGRESSIVE;
				CLANG_WARN_UNREACHABLE_CODE = YES;
				CLANG_WARN__DUPLICATE_METHOD_MATCH = YES;
				COPY_PHASE_STRIP = NO;
				DEBUG_INFORMATION_FORMAT = "dwarf-with-dsym";
				ENABLE_NS_ASSERTIONS = NO;
				ENABLE_STRICT_OBJC_MSGSEND = YES;
				GCC_C_LANGUAGE_STANDARD = gnu11;
				GCC_NO_COMMON_BLOCKS = YES;
				GCC_WARN_64_TO_32_BIT_CONVERSION = YES;
				GCC_WARN_ABOUT_RETURN_TYPE = YES_ERROR;
				GCC_WARN_UNDECLARED_SELECTOR = YES;
				GCC_WARN_UNINITIALIZED_AUTOS = YES_AGGRESSIVE;
				GCC_WARN_UNUSED_FUNCTION = YES;
				GCC_WARN_UNUSED_VARIABLE = YES;
				IPHONEOS_DEPLOYMENT_TARGET = 15.2;
				MTL_ENABLE_DEBUG_INFO = NO;
				MTL_FAST_MATH = YES;
				SDKROOT = iphoneos;
				SWIFT_COMPILATION_MODE = wholemodule;
				SWIFT_OPTIMIZATION_LEVEL = "-O";
				VALIDATE_PRODUCT = YES;
			};
			name = Release;
		};
		B53B71F32797EFB2005E763B /* Debug */ = {
			isa = XCBuildConfiguration;
			buildSettings = {
				ASSETCATALOG_COMPILER_APPICON_NAME = AppIcon;
				ASSETCATALOG_COMPILER_GLOBAL_ACCENT_COLOR_NAME = AccentColor;
				CODE_SIGN_STYLE = Automatic;
				CURRENT_PROJECT_VERSION = 1;
				GENERATE_INFOPLIST_FILE = YES;
				INFOPLIST_FILE = "APP Swoosh/Info.plist";
				INFOPLIST_KEY_UIApplicationSupportsIndirectInputEvents = YES;
				INFOPLIST_KEY_UILaunchStoryboardName = LaunchScreen;
				INFOPLIST_KEY_UIMainStoryboardFile = Main;
				INFOPLIST_KEY_UISupportedInterfaceOrientations_iPad = "UIInterfaceOrientationPortrait UIInterfaceOrientationPortraitUpsideDown UIInterfaceOrientationLandscapeLeft UIInterfaceOrientationLandscapeRight";
				INFOPLIST_KEY_UISupportedInterfaceOrientations_iPhone = "UIInterfaceOrientationPortrait UIInterfaceOrientationLandscapeLeft UIInterfaceOrientationLandscapeRight";
				LD_RUNPATH_SEARCH_PATHS = (
					"$(inherited)",
					"@executable_path/Frameworks",
				);
				MARKETING_VERSION = 1.0;
				PRODUCT_BUNDLE_IDENTIFIER = "mm.APP-Swoosh";
				PRODUCT_NAME = "$(TARGET_NAME)";
				SWIFT_EMIT_LOC_STRINGS = YES;
				SWIFT_VERSION = 5.0;
				TARGETED_DEVICE_FAMILY = "1,2";
			};
			name = Debug;
		};
		B53B71F42797EFB2005E763B /* Release */ = {
			isa = XCBuildConfiguration;
			buildSettings = {
				ASSETCATALOG_COMPILER_APPICON_NAME = AppIcon;
				ASSETCATALOG_COMPILER_GLOBAL_ACCENT_COLOR_NAME = AccentColor;
				CODE_SIGN_STYLE = Automatic;
				CURRENT_PROJECT_VERSION = 1;
				GENERATE_INFOPLIST_FILE = YES;
				INFOPLIST_FILE = "APP Swoosh/Info.plist";
				INFOPLIST_KEY_UIApplicationSupportsIndirectInputEvents = YES;
				INFOPLIST_KEY_UILaunchStoryboardName = LaunchScreen;
				INFOPLIST_KEY_UIMainStoryboardFile = Main;
				INFOPLIST_KEY_UISupportedInterfaceOrientations_iPad = "UIInterfaceOrientationPortrait UIInterfaceOrientationPortraitUpsideDown UIInterfaceOrientationLandscapeLeft UIInterfaceOrientationLandscapeRight";
				INFOPLIST_KEY_UISupportedInterfaceOrientations_iPhone = "UIInterfaceOrientationPortrait UIInterfaceOrientationLandscapeLeft UIInterfaceOrientationLandscapeRight";
				LD_RUNPATH_SEARCH_PATHS = (
					"$(inherited)",
					"@executable_path/Frameworks",
				);
				MARKETING_VERSION = 1.0;
				PRODUCT_BUNDLE_IDENTIFIER = "mm.APP-Swoosh";
				PRODUCT_NAME = "$(TARGET_NAME)";
				SWIFT_EMIT_LOC_STRINGS = YES;
				SWIFT_VERSION = 5.0;
				TARGETED_DEVICE_FAMILY = "1,2";
			};
			name = Release;
		};
		B53B71F62797EFB2005E763B /* Debug */ = {
			isa = XCBuildConfiguration;
			buildSettings = {
				ALWAYS_EMBED_SWIFT_STANDARD_LIBRARIES = YES;
				BUNDLE_LOADER = "$(TEST_HOST)";
				CODE_SIGN_STYLE = Automatic;
				CURRENT_PROJECT_VERSION = 1;
				GENERATE_INFOPLIST_FILE = YES;
				IPHONEOS_DEPLOYMENT_TARGET = 15.2;
				MARKETING_VERSION = 1.0;
				PRODUCT_BUNDLE_IDENTIFIER = "mm.APP-SwooshTests";
				PRODUCT_NAME = "$(TARGET_NAME)";
				SWIFT_EMIT_LOC_STRINGS = NO;
				SWIFT_VERSION = 5.0;
				TARGETED_DEVICE_FAMILY = "1,2";
				TEST_HOST = "$(BUILT_PRODUCTS_DIR)/APP Swoosh.app/APP Swoosh";
			};
			name = Debug;
		};
		B53B71F72797EFB2005E763B /* Release */ = {
			isa = XCBuildConfiguration;
			buildSettings = {
				ALWAYS_EMBED_SWIFT_STANDARD_LIBRARIES = YES;
				BUNDLE_LOADER = "$(TEST_HOST)";
				CODE_SIGN_STYLE = Automatic;
				CURRENT_PROJECT_VERSION = 1;
				GENERATE_INFOPLIST_FILE = YES;
				IPHONEOS_DEPLOYMENT_TARGET = 15.2;
				MARKETING_VERSION = 1.0;
				PRODUCT_BUNDLE_IDENTIFIER = "mm.APP-SwooshTests";
				PRODUCT_NAME = "$(TARGET_NAME)";
				SWIFT_EMIT_LOC_STRINGS = NO;
				SWIFT_VERSION = 5.0;
				TARGETED_DEVICE_FAMILY = "1,2";
				TEST_HOST = "$(BUILT_PRODUCTS_DIR)/APP Swoosh.app/APP Swoosh";
			};
			name = Release;
		};
		B53B71F92797EFB2005E763B /* Debug */ = {
			isa = XCBuildConfiguration;
			buildSettings = {
				ALWAYS_EMBED_SWIFT_STANDARD_LIBRARIES = YES;
				CODE_SIGN_STYLE = Automatic;
				CURRENT_PROJECT_VERSION = 1;
				GENERATE_INFOPLIST_FILE = YES;
				MARKETING_VERSION = 1.0;
				PRODUCT_BUNDLE_IDENTIFIER = "mm.APP-SwooshUITests";
				PRODUCT_NAME = "$(TARGET_NAME)";
				SWIFT_EMIT_LOC_STRINGS = NO;
				SWIFT_VERSION = 5.0;
				TARGETED_DEVICE_FAMILY = "1,2";
				TEST_TARGET_NAME = "APP Swoosh";
			};
			name = Debug;
		};
		B53B71FA2797EFB2005E763B /* Release */ = {
			isa = XCBuildConfiguration;
			buildSettings = {
				ALWAYS_EMBED_SWIFT_STANDARD_LIBRARIES = YES;
				CODE_SIGN_STYLE = Automatic;
				CURRENT_PROJECT_VERSION = 1;
				GENERATE_INFOPLIST_FILE = YES;
				MARKETING_VERSION = 1.0;
				PRODUCT_BUNDLE_IDENTIFIER = "mm.APP-SwooshUITests";
				PRODUCT_NAME = "$(TARGET_NAME)";
				SWIFT_EMIT_LOC_STRINGS = NO;
				SWIFT_VERSION = 5.0;
				TARGETED_DEVICE_FAMILY = "1,2";
				TEST_TARGET_NAME = "APP Swoosh";
			};
			name = Release;
		};
/* End XCBuildConfiguration section */

/* Begin XCConfigurationList section */
		B53B71C32797EFB0005E763B /* Build configuration list for PBXProject "APP Swoosh" */ = {
			isa = XCConfigurationList;
			buildConfigurations = (
				B53B71F02797EFB2005E763B /* Debug */,
				B53B71F12797EFB2005E763B /* Release */,
			);
			defaultConfigurationIsVisible = 0;
			defaultConfigurationName = Release;
		};
		B53B71F22797EFB2005E763B /* Build configuration list for PBXNativeTarget "APP Swoosh" */ = {
			isa = XCConfigurationList;
			buildConfigurations = (
				B53B71F32797EFB2005E763B /* Debug */,
				B53B71F42797EFB2005E763B /* Release */,
			);
			defaultConfigurationIsVisible = 0;
			defaultConfigurationName = Release;
		};
		B53B71F52797EFB2005E763B /* Build configuration list for PBXNativeTarget "APP SwooshTests" */ = {
			isa = XCConfigurationList;
			buildConfigurations = (
				B53B71F62797EFB2005E763B /* Debug */,
				B53B71F72797EFB2005E763B /* Release */,
			);
			defaultConfigurationIsVisible = 0;
			defaultConfigurationName = Release;
		};
		B53B71F82797EFB2005E763B /* Build configuration list for PBXNativeTarget "APP SwooshUITests" */ = {
			isa = XCConfigurationList;
			buildConfigurations = (
				B53B71F92797EFB2005E763B /* Debug */,
				B53B71FA2797EFB2005E763B /* Release */,
			);
			defaultConfigurationIsVisible = 0;
			defaultConfigurationName = Release;
		};
/* End XCConfigurationList section */
	};
	rootObject = B53B71C02797EFB0005E763B /* Project object */;
}
